<?xml version="1.0" encoding="utf-8"?>
<Project ToolsVersion="15.0" xmlns="http://schemas.microsoft.com/developer/msbuild/2003">
  <ItemGroup>
    <Filter Include="Generated Files">
      <UniqueIdentifier>{926ab91d-31b4-48c3-b9a4-e681349f27f0}</UniqueIdentifier>
    </Filter>
    <Filter Include="Composition">
      <UniqueIdentifier>{12d04b74-4cc5-4748-b2b6-bb06197d3251}</UniqueIdentifier>
    </Filter>
    <Filter Include="Composition\SystemBackdrops">
      <UniqueIdentifier>{8f11473a-6b74-4842-947b-75465ff413db}</UniqueIdentifier>
    </Filter>
    <Filter Include="Controls">
      <UniqueIdentifier>{5e26f4a9-4ad9-4d62-b29e-2db72a4e6798}</UniqueIdentifier>
    </Filter>
    <Filter Include="Converters">
      <UniqueIdentifier>{9239182e-ec60-4177-a6a5-8abb6e11d02e}</UniqueIdentifier>
    </Filter>
    <Filter Include="Helpers">
      <UniqueIdentifier>{e4cfde82-f621-42f3-aa13-dad288a8f072}</UniqueIdentifier>
    </Filter>
  </ItemGroup>
  <ItemGroup>
    <None Include="AngelUmbrella.def" />
    <None Include="packages.config" />
    <None Include="version.props" />
  </ItemGroup>
  <ItemGroup>
    <ResourceCompile Include="AngelUmbrella.rc" />
  </ItemGroup>
  <ItemGroup>
    <Midl Include="..\idl\AngelUmbrella.idl" />
  </ItemGroup>
  <ItemGroup>
    <Page Include="Controls\SettingsCard.xaml">
      <Filter>Controls</Filter>
    </Page>
    <Page Include="Controls\SettingsExpander.xaml">
      <Filter>Controls</Filter>
    </Page>
    <Page Include="Controls\SettingsPanel.xaml">
      <Filter>Controls</Filter>
    </Page>
    <Page Include="Themes\Generic.xaml" />
  </ItemGroup>
  <ItemGroup>
    <ClInclude Include="pch.h" />
    <ClInclude Include="version.h" />
    <ClInclude Include="Composition\SystemBackdrops\DesktopAcrylicHelper.h">
      <Filter>Composition\SystemBackdrops</Filter>
    </ClInclude>
    <ClInclude Include="Controls\SettingsCardAutomationPeer.h">
      <Filter>Controls</Filter>
    </ClInclude>
    <ClInclude Include="Converters\BooleanToVisibilityConverter.h">
      <Filter>Converters</Filter>
    </ClInclude>
    <ClInclude Include="Converters\InvertedBooleanConverter.h">
      <Filter>Converters</Filter>
    </ClInclude>
    <ClInclude Include="Converters\StringIsPresentToVisibilityConverter.h">
      <Filter>Converters</Filter>
    </ClInclude>
    <ClInclude Include="Helpers\DependencyPropertyHelper.h">
      <Filter>Helpers</Filter>
    </ClInclude>
    <ClInclude Include="Helpers\ValueHelper.h">
      <Filter>Helpers</Filter>
    </ClInclude>
    <ClInclude Include="Helpers\XamlHelpers.h">
      <Filter>Helpers</Filter>
    </ClInclude>
  </ItemGroup>
  <ItemGroup>
    <ClCompile Include="pch.cpp" />
    <ClCompile Include="$(GeneratedFilesDir)module.g.cpp" />
    <ClCompile Include="Composition\SystemBackdrops\DesktopAcrylicHelper.cpp">
      <Filter>Composition\SystemBackdrops</Filter>
    </ClCompile>
    <ClCompile Include="Controls\SettingsCardAutomationPeer.cpp">
      <Filter>Controls</Filter>
    </ClCompile>
    <ClCompile Include="Converters\BooleanToVisibilityConverter.cpp">
      <Filter>Converters</Filter>
    </ClCompile>
    <ClCompile Include="Converters\InvertedBooleanConverter.cpp">
      <Filter>Converters</Filter>
    </ClCompile>
    <ClCompile Include="Converters\StringIsPresentToVisibilityConverter.cpp">
      <Filter>Converters</Filter>
    </ClCompile>
    <ClCompile Include="Helpers\XamlHelpers.cpp">
      <Filter>Helpers</Filter>
    </ClCompile>
  </ItemGroup>
</Project>